
Microsoft Visual Studio Solution File, Format Version 12.00
# Visual Studio Version 16
VisualStudioVersion = 16.0.31624.102
MinimumVisualStudioVersion = 10.0.40219.1
Project("{FAE04EC0-301F-11D3-BF4B-00C04F79EFBC}") = "Tarea", "Tarea\Tarea.csproj", "{53D5F187-763C-4CEC-8D71-DC89563DC0A6}"
EndProject
Global
	GlobalSection(SolutionConfigurationPlatforms) = preSolution
		Debug|Any CPU = Debug|Any CPU
		Release|Any CPU = Release|Any CPU
	EndGlobalSection
	GlobalSection(ProjectConfigurationPlatforms) = postSolution
		{53D5F187-763C-4CEC-8D71-DC89563DC0A6}.Debug|Any CPU.ActiveCfg = Debug|Any CPU
		{53D5F187-763C-4CEC-8D71-DC89563DC0A6}.Debug|Any CPU.Build.0 = Debug|Any CPU
		{53D5F187-763C-4CEC-8D71-DC89563DC0A6}.Release|Any CPU.ActiveCfg = Release|Any CPU
		{53D5F187-763C-4CEC-8D71-DC89563DC0A6}.Release|Any CPU.Build.0 = Release|Any CPU
	EndGlobalSection
	GlobalSection(SolutionProperties) = preSolution
		HideSolutionNode = FALSE
	EndGlobalSection
	GlobalSection(ExtensibilityGlobals) = postSolution
		SolutionGuid = {197D9E22-3C33-46F2-B61F-D6A566921B0A}
	EndGlobalSection
EndGlobal
